// !$*UTF8*$!
{
	archiveVersion = 1;
	classes = {
	};
	objectVersion = 46;
	objects = {

/* Begin PBXBuildFile section */
		F4BA39281F0A1DC900018DFC /* AppDelegate.swift in Sources */ = {isa = PBXBuildFile; fileRef = F4BA39271F0A1DC900018DFC /* AppDelegate.swift */; };
		F4BA392A1F0A1DC900018DFC /* ViewController.swift in Sources */ = {isa = PBXBuildFile; fileRef = F4BA39291F0A1DC900018DFC /* ViewController.swift */; };
		F4BA392D1F0A1DC900018DFC /* Main.storyboard in Resources */ = {isa = PBXBuildFile; fileRef = F4BA392B1F0A1DC900018DFC /* Main.storyboard */; };
		F4BA39301F0A1DC900018DFC /* PickerView1.xcdatamodeld in Sources */ = {isa = PBXBuildFile; fileRef = F4BA392E1F0A1DC900018DFC /* PickerView1.xcdatamodeld */; };
		F4BA39321F0A1DC900018DFC /* Assets.xcassets in Resources */ = {isa = PBXBuildFile; fileRef = F4BA39311F0A1DC900018DFC /* Assets.xcassets */; };
		F4BA39351F0A1DC900018DFC /* LaunchScreen.storyboard in Resources */ = {isa = PBXBuildFile; fileRef = F4BA39331F0A1DC900018DFC /* LaunchScreen.storyboard */; };
		F4BA39401F0A1DC900018DFC /* PickerView1Tests.swift in Sources */ = {isa = PBXBuildFile; fileRef = F4BA393F1F0A1DC900018DFC /* PickerView1Tests.swift */; };
		F4BA394B1F0A1DCA00018DFC /* PickerView1UITests.swift in Sources */ = {isa = PBXBuildFile; fileRef = F4BA394A1F0A1DCA00018DFC /* PickerView1UITests.swift */; };
/* End PBXBuildFile section */

/* Begin PBXContainerItemProxy section */
		F4BA393C1F0A1DC900018DFC /* PBXContainerItemProxy */ = {
			isa = PBXContainerItemProxy;
			containerPortal = F4BA391C1F0A1DC900018DFC /* Project object */;
			proxyType = 1;
			remoteGlobalIDString = F4BA39231F0A1DC900018DFC;
			remoteInfo = PickerView1;
		};
		F4BA39471F0A1DCA00018DFC /* PBXContainerItemProxy */ = {
			isa = PBXContainerItemProxy;
			containerPortal = F4BA391C1F0A1DC900018DFC /* Project object */;
			proxyType = 1;
			remoteGlobalIDString = F4BA39231F0A1DC900018DFC;
			remoteInfo = PickerView1;
		};
/* End PBXContainerItemProxy section */

/* Begin PBXFileReference section */
		F4BA39241F0A1DC900018DFC /* PickerView1.app */ = {isa = PBXFileReference; explicitFileType = wrapper.application; includeInIndex = 0; path = PickerView1.app; sourceTree = BUILT_PRODUCTS_DIR; };
		F4BA39271F0A1DC900018DFC /* AppDelegate.swift */ = {isa = PBXFileReference; lastKnownFileType = sourcecode.swift; path = AppDelegate.swift; sourceTree = "<group>"; };
		F4BA39291F0A1DC900018DFC /* ViewController.swift */ = {isa = PBXFileReference; lastKnownFileType = sourcecode.swift; path = ViewController.swift; sourceTree = "<group>"; };
		F4BA392C1F0A1DC900018DFC /* Base */ = {isa = PBXFileReference; lastKnownFileType = file.storyboard; name = Base; path = Base.lproj/Main.storyboard; sourceTree = "<group>"; };
		F4BA392F1F0A1DC900018DFC /* PickerView1.xcdatamodel */ = {isa = PBXFileReference; lastKnownFileType = wrapper.xcdatamodel; path = PickerView1.xcdatamodel; sourceTree = "<group>"; };
		F4BA39311F0A1DC900018DFC /* Assets.xcassets */ = {isa = PBXFileReference; lastKnownFileType = folder.assetcatalog; path = Assets.xcassets; sourceTree = "<group>"; };
		F4BA39341F0A1DC900018DFC /* Base */ = {isa = PBXFileReference; lastKnownFileType = file.storyboard; name = Base; path = Base.lproj/LaunchScreen.storyboard; sourceTree = "<group>"; };
		F4BA39361F0A1DC900018DFC /* Info.plist */ = {isa = PBXFileReference; lastKnownFileType = text.plist.xml; path = Info.plist; sourceTree = "<group>"; };
		F4BA393B1F0A1DC900018DFC /* PickerView1Tests.xctest */ = {isa = PBXFileReference; explicitFileType = wrapper.cfbundle; includeInIndex = 0; path = PickerView1Tests.xctest; sourceTree = BUILT_PRODUCTS_DIR; };
		F4BA393F1F0A1DC900018DFC /* PickerView1Tests.swift */ = {isa = PBXFileReference; lastKnownFileType = sourcecode.swift; path = PickerView1Tests.swift; sourceTree = "<group>"; };
		F4BA39411F0A1DC900018DFC /* Info.plist */ = {isa = PBXFileReference; lastKnownFileType = text.plist.xml; path = Info.plist; sourceTree = "<group>"; };
		F4BA39461F0A1DCA00018DFC /* PickerView1UITests.xctest */ = {isa = PBXFileReference; explicitFileType = wrapper.cfbundle; includeInIndex = 0; path = PickerView1UITests.xctest; sourceTree = BUILT_PRODUCTS_DIR; };
		F4BA394A1F0A1DCA00018DFC /* PickerView1UITests.swift */ = {isa = PBXFileReference; lastKnownFileType = sourcecode.swift; path = PickerView1UITests.swift; sourceTree = "<group>"; };
		F4BA394C1F0A1DCA00018DFC /* Info.plist */ = {isa = PBXFileReference; lastKnownFileType = text.plist.xml; path = Info.plist; sourceTree = "<group>"; };
/* End PBXFileReference section */

/* Begin PBXFrameworksBuildPhase section */
		F4BA39211F0A1DC900018DFC /* Frameworks */ = {
			isa = PBXFrameworksBuildPhase;
			buildActionMask = 2147483647;
			files = (
			);
			runOnlyForDeploymentPostprocessing = 0;
		};
		F4BA39381F0A1DC900018DFC /* Frameworks */ = {
			isa = PBXFrameworksBuildPhase;
			buildActionMask = 2147483647;
			files = (
			);
			runOnlyForDeploymentPostprocessing = 0;
		};
		F4BA39431F0A1DCA00018DFC /* Frameworks */ = {
			isa = PBXFrameworksBuildPhase;
			buildActionMask = 2147483647;
			files = (
			);
			runOnlyForDeploymentPostprocessing = 0;
		};
/* End PBXFrameworksBuildPhase section */

/* Begin PBXGroup section */
		F4BA391B1F0A1DC900018DFC = {
			isa = PBXGroup;
			children = (
				F4BA39261F0A1DC900018DFC /* PickerView1 */,
				F4BA393E1F0A1DC900018DFC /* PickerView1Tests */,
				F4BA39491F0A1DCA00018DFC /* PickerView1UITests */,
				F4BA39251F0A1DC900018DFC /* Products */,
			);
			sourceTree = "<group>";
		};
		F4BA39251F0A1DC900018DFC /* Products */ = {
			isa = PBXGroup;
			children = (
				F4BA39241F0A1DC900018DFC /* PickerView1.app */,
				F4BA393B1F0A1DC900018DFC /* PickerView1Tests.xctest */,
				F4BA39461F0A1DCA00018DFC /* PickerView1UITests.xctest */,
			);
			name = Products;
			sourceTree = "<group>";
		};
		F4BA39261F0A1DC900018DFC /* PickerView1 */ = {
			isa = PBXGroup;
			children = (
				F4BA39271F0A1DC900018DFC /* AppDelegate.swift */,
				F4BA39291F0A1DC900018DFC /* ViewController.swift */,
				F4BA392B1F0A1DC900018DFC /* Main.storyboard */,
				F4BA39311F0A1DC900018DFC /* Assets.xcassets */,
				F4BA39331F0A1DC900018DFC /* LaunchScreen.storyboard */,
				F4BA39361F0A1DC900018DFC /* Info.plist */,
				F4BA392E1F0A1DC900018DFC /* PickerView1.xcdatamodeld */,
			);
			path = PickerView1;
			sourceTree = "<group>";
		};
		F4BA393E1F0A1DC900018DFC /* PickerView1Tests */ = {
			isa = PBXGroup;
			children = (
				F4BA393F1F0A1DC900018DFC /* PickerView1Tests.swift */,
				F4BA39411F0A1DC900018DFC /* Info.plist */,
			);
			path = PickerView1Tests;
			sourceTree = "<group>";
		};
		F4BA39491F0A1DCA00018DFC /* PickerView1UITests */ = {
			isa = PBXGroup;
			children = (
				F4BA394A1F0A1DCA00018DFC /* PickerView1UITests.swift */,
				F4BA394C1F0A1DCA00018DFC /* Info.plist */,
			);
			path = PickerView1UITests;
			sourceTree = "<group>";
		};
/* End PBXGroup section */

/* Begin PBXNativeTarget section */
		F4BA39231F0A1DC900018DFC /* PickerView1 */ = {
			isa = PBXNativeTarget;
			buildConfigurationList = F4BA394F1F0A1DCA00018DFC /* Build configuration list for PBXNativeTarget "PickerView1" */;
			buildPhases = (
				F4BA39201F0A1DC900018DFC /* Sources */,
				F4BA39211F0A1DC900018DFC /* Frameworks */,
				F4BA39221F0A1DC900018DFC /* Resources */,
			);
			buildRules = (
			);
			dependencies = (
			);
			name = PickerView1;
			productName = PickerView1;
			productReference = F4BA39241F0A1DC900018DFC /* PickerView1.app */;
			productType = "com.apple.product-type.application";
		};
		F4BA393A1F0A1DC900018DFC /* PickerView1Tests */ = {
			isa = PBXNativeTarget;
			buildConfigurationList = F4BA39521F0A1DCA00018DFC /* Build configuration list for PBXNativeTarget "PickerView1Tests" */;
			buildPhases = (
				F4BA39371F0A1DC900018DFC /* Sources */,
				F4BA39381F0A1DC900018DFC /* Frameworks */,
				F4BA39391F0A1DC900018DFC /* Resources */,
			);
			buildRules = (
			);
			dependencies = (
				F4BA393D1F0A1DC900018DFC /* PBXTargetDependency */,
			);
			name = PickerView1Tests;
			productName = PickerView1Tests;
			productReference = F4BA393B1F0A1DC900018DFC /* PickerView1Tests.xctest */;
			productType = "com.apple.product-type.bundle.unit-test";
		};
		F4BA39451F0A1DCA00018DFC /* PickerView1UITests */ = {
			isa = PBXNativeTarget;
			buildConfigurationList = F4BA39551F0A1DCA00018DFC /* Build configuration list for PBXNativeTarget "PickerView1UITests" */;
			buildPhases = (
				F4BA39421F0A1DCA00018DFC /* Sources */,
				F4BA39431F0A1DCA00018DFC /* Frameworks */,
				F4BA39441F0A1DCA00018DFC /* Resources */,
			);
			buildRules = (
			);
			dependencies = (
				F4BA39481F0A1DCA00018DFC /* PBXTargetDependency */,
			);
			name = PickerView1UITests;
			productName = PickerView1UITests;
			productReference = F4BA39461F0A1DCA00018DFC /* PickerView1UITests.xctest */;
			productType = "com.apple.product-type.bundle.ui-testing";
		};
/* End PBXNativeTarget section */

/* Begin PBXProject section */
		F4BA391C1F0A1DC900018DFC /* Project object */ = {
			isa = PBXProject;
			attributes = {
				LastSwiftUpdateCheck = 0820;
				LastUpgradeCheck = 0820;
				ORGANIZATIONNAME = erainfoTectLtd;
				TargetAttributes = {
					F4BA39231F0A1DC900018DFC = {
						CreatedOnToolsVersion = 8.2.1;
						ProvisioningStyle = Automatic;
					};
					F4BA393A1F0A1DC900018DFC = {
						CreatedOnToolsVersion = 8.2.1;
						ProvisioningStyle = Automatic;
						TestTargetID = F4BA39231F0A1DC900018DFC;
					};
					F4BA39451F0A1DCA00018DFC = {
						CreatedOnToolsVersion = 8.2.1;
						ProvisioningStyle = Automatic;
						TestTargetID = F4BA39231F0A1DC900018DFC;
					};
				};
			};
			buildConfigurationList = F4BA391F1F0A1DC900018DFC /* Build configuration list for PBXProject "PickerView1" */;
			compatibilityVersion = "Xcode 3.2";
			developmentRegion = English;
			hasScannedForEncodings = 0;
			knownRegions = (
				en,
				Base,
			);
			mainGroup = F4BA391B1F0A1DC900018DFC;
			productRefGroup = F4BA39251F0A1DC900018DFC /* Products */;
			projectDirPath = "";
			projectRoot = "";
			targets = (
				F4BA39231F0A1DC900018DFC /* PickerView1 */,
				F4BA393A1F0A1DC900018DFC /* PickerView1Tests */,
				F4BA39451F0A1DCA00018DFC /* PickerView1UITests */,
			);
		};
/* End PBXProject section */

/* Begin PBXResourcesBuildPhase section */
		F4BA39221F0A1DC900018DFC /* Resources */ = {
			isa = PBXResourcesBuildPhase;
			buildActionMask = 2147483647;
			files = (
				F4BA39351F0A1DC900018DFC /* LaunchScreen.storyboard in Resources */,
				F4BA39321F0A1DC900018DFC /* Assets.xcassets in Resources */,
				F4BA392D1F0A1DC900018DFC /* Main.storyboard in Resources */,
			);
			runOnlyForDeploymentPostprocessing = 0;
		};
		F4BA39391F0A1DC900018DFC /* Resources */ = {
			isa = PBXResourcesBuildPhase;
			buildActionMask = 2147483647;
			files = (
			);
			runOnlyForDeploymentPostprocessing = 0;
		};
		F4BA39441F0A1DCA00018DFC /* Resources */ = {
			isa = PBXResourcesBuildPhase;
			buildActionMask = 2147483647;
			files = (
			);
			runOnlyForDeploymentPostprocessing = 0;
		};
/* End PBXResourcesBuildPhase section */

/* Begin PBXSourcesBuildPhase section */
		F4BA39201F0A1DC900018DFC /* Sources */ = {
			isa = PBXSourcesBuildPhase;
			buildActionMask = 2147483647;
			files = (
				F4BA39301F0A1DC900018DFC /* PickerView1.xcdatamodeld in Sources */,
				F4BA392A1F0A1DC900018DFC /* ViewController.swift in Sources */,
				F4BA39281F0A1DC900018DFC /* AppDelegate.swift in Sources */,
			);
			runOnlyForDeploymentPostprocessing = 0;
		};
		F4BA39371F0A1DC900018DFC /* Sources */ = {
			isa = PBXSourcesBuildPhase;
			buildActionMask = 2147483647;
			files = (
				F4BA39401F0A1DC900018DFC /* PickerView1Tests.swift in Sources */,
			);
			runOnlyForDeploymentPostprocessing = 0;
		};
		F4BA39421F0A1DCA00018DFC /* Sources */ = {
			isa = PBXSourcesBuildPhase;
			buildActionMask = 2147483647;
			files = (
				F4BA394B1F0A1DCA00018DFC /* PickerView1UITests.swift in Sources */,
			);
			runOnlyForDeploymentPostprocessing = 0;
		};
/* End PBXSourcesBuildPhase section */

/* Begin PBXTargetDependency section */
		F4BA393D1F0A1DC900018DFC /* PBXTargetDependency */ = {
			isa = PBXTargetDependency;
			target = F4BA39231F0A1DC900018DFC /* PickerView1 */;
			targetProxy = F4BA393C1F0A1DC900018DFC /* PBXContainerItemProxy */;
		};
		F4BA39481F0A1DCA00018DFC /* PBXTargetDependency */ = {
			isa = PBXTargetDependency;
			target = F4BA39231F0A1DC900018DFC /* PickerView1 */;
			targetProxy = F4BA39471F0A1DCA00018DFC /* PBXContainerItemProxy */;
		};
/* End PBXTargetDependency section */

/* Begin PBXVariantGroup section */
		F4BA392B1F0A1DC900018DFC /* Main.storyboard */ = {
			isa = PBXVariantGroup;
			children = (
				F4BA392C1F0A1DC900018DFC /* Base */,
			);
			name = Main.storyboard;
			sourceTree = "<group>";
		};
		F4BA39331F0A1DC900018DFC /* LaunchScreen.storyboard */ = {
			isa = PBXVariantGroup;
			children = (
				F4BA39341F0A1DC900018DFC /* Base */,
			);
			name = LaunchScreen.storyboard;
			sourceTree = "<group>";
		};
/* End PBXVariantGroup section */

/* Begin XCBuildConfiguration section */
		F4BA394D1F0A1DCA00018DFC /* Debug */ = {
			isa = XCBuildConfiguration;
			buildSettings = {
				ALWAYS_SEARCH_USER_PATHS = NO;
				CLANG_ANALYZER_NONNULL = YES;
				CLANG_CXX_LANGUAGE_STANDARD = "gnu++0x";
				CLANG_CXX_LIBRARY = "libc++";
				CLANG_ENABLE_MODULES = YES;
				CLANG_ENABLE_OBJC_ARC = YES;
				CLANG_WARN_BOOL_CONVERSION = YES;
				CLANG_WARN_CONSTANT_CONVERSION = YES;
				CLANG_WARN_DIRECT_OBJC_ISA_USAGE = YES_ERROR;
				CLANG_WARN_DOCUMENTATION_COMMENTS = YES;
				CLANG_WARN_EMPTY_BODY = YES;
				CLANG_WARN_ENUM_CONVERSION = YES;
				CLANG_WARN_INFINITE_RECURSION = YES;
				CLANG_WARN_INT_CONVERSION = YES;
				CLANG_WARN_OBJC_ROOT_CLASS = YES_ERROR;
				CLANG_WARN_SUSPICIOUS_MOVE = YES;
				CLANG_WARN_UNREACHABLE_CODE = YES;
				CLANG_WARN__DUPLICATE_METHOD_MATCH = YES;
				"CODE_SIGN_IDENTITY[sdk=iphoneos*]" = "iPhone Developer";
				COPY_PHASE_STRIP = NO;
				DEBUG_INFORMATION_FORMAT = dwarf;
				ENABLE_STRICT_OBJC_MSGSEND = YES;
				ENABLE_TESTABILITY = YES;
				GCC_C_LANGUAGE_STANDARD = gnu99;
				GCC_DYNAMIC_NO_PIC = NO;
				GCC_NO_COMMON_BLOCKS = YES;
				GCC_OPTIMIZATION_LEVEL = 0;
				GCC_PREPROCESSOR_DEFINITIONS = (
					"DEBUG=1",
					"$(inherited)",
				);
				GCC_WARN_64_TO_32_BIT_CONVERSION = YES;
				GCC_WARN_ABOUT_RETURN_TYPE = YES_ERROR;
				GCC_WARN_UNDECLARED_SELECTOR = YES;
				GCC_WARN_UNINITIALIZED_AUTOS = YES_AGGRESSIVE;
				GCC_WARN_UNUSED_FUNCTION = YES;
				GCC_WARN_UNUSED_VARIABLE = YES;
				IPHONEOS_DEPLOYMENT_TARGET = 10.2;
				MTL_ENABLE_DEBUG_INFO = YES;
				ONLY_ACTIVE_ARCH = YES;
				SDKROOT = iphoneos;
				SWIFT_ACTIVE_COMPILATION_CONDITIONS = DEBUG;
				SWIFT_OPTIMIZATION_LEVEL = "-Onone";
				TARGETED_DEVICE_FAMILY = "1,2";
			};
			name = Debug;
		};
		F4BA394E1F0A1DCA00018DFC /* Release */ = {
			isa = XCBuildConfiguration;
			buildSettings = {
				ALWAYS_SEARCH_USER_PATHS = NO;
				CLANG_ANALYZER_NONNULL = YES;
				CLANG_CXX_LANGUAGE_STANDARD = "gnu++0x";
				CLANG_CXX_LIBRARY = "libc++";
				CLANG_ENABLE_MODULES = YES;
				CLANG_ENABLE_OBJC_ARC = YES;
				CLANG_WARN_BOOL_CONVERSION = YES;
				CLANG_WARN_CONSTANT_CONVERSION = YES;
				CLANG_WARN_DIRECT_OBJC_ISA_USAGE = YES_ERROR;
				CLANG_WARN_DOCUMENTATION_COMMENTS = YES;
				CLANG_WARN_EMPTY_BODY = YES;
				CLANG_WARN_ENUM_CONVERSION = YES;
				CLANG_WARN_INFINITE_RECURSION = YES;
				CLANG_WARN_INT_CONVERSION = YES;
				CLANG_WARN_OBJC_ROOT_CLASS = YES_ERROR;
				CLANG_WARN_SUSPICIOUS_MOVE = YES;
				CLANG_WARN_UNREACHABLE_CODE = YES;
				CLANG_WARN__DUPLICATE_METHOD_MATCH = YES;
				"CODE_SIGN_IDENTITY[sdk=iphoneos*]" = "iPhone Developer";
				COPY_PHASE_STRIP = NO;
				DEBUG_INFORMATION_FORMAT = "dwarf-with-dsym";
				ENABLE_NS_ASSERTIONS = NO;
				ENABLE_STRICT_OBJC_MSGSEND = YES;
				GCC_C_LANGUAGE_STANDARD = gnu99;
				GCC_NO_COMMON_BLOCKS = YES;
				GCC_WARN_64_TO_32_BIT_CONVERSION = YES;
				GCC_WARN_ABOUT_RETURN_TYPE = YES_ERROR;
				GCC_WARN_UNDECLARED_SELECTOR = YES;
				GCC_WARN_UNINITIALIZED_AUTOS = YES_AGGRESSIVE;
				GCC_WARN_UNUSED_FUNCTION = YES;
				GCC_WARN_UNUSED_VARIABLE = YES;
				IPHONEOS_DEPLOYMENT_TARGET = 10.2;
				MTL_ENABLE_DEBUG_INFO = NO;
				SDKROOT = iphoneos;
				SWIFT_OPTIMIZATION_LEVEL = "-Owholemodule";
				TARGETED_DEVICE_FAMILY = "1,2";
				VALIDATE_PRODUCT = YES;
			};
			name = Release;
		};
		F4BA39501F0A1DCA00018DFC /* Debug */ = {
			isa = XCBuildConfiguration;
			buildSettings = {
				ASSETCATALOG_COMPILER_APPICON_NAME = AppIcon;
				INFOPLIST_FILE = PickerView1/Info.plist;
				LD_RUNPATH_SEARCH_PATHS = "$(inherited) @executable_path/Frameworks";
				PRODUCT_BUNDLE_IDENTIFIER = era.com.bd.PickerView1;
				PRODUCT_NAME = "$(TARGET_NAME)";
				SWIFT_VERSION = 3.0;
			};
			name = Debug;
		};
		F4BA39511F0A1DCA00018DFC /* Release */ = {
			isa = XCBuildConfiguration;
			buildSettings = {
				ASSETCATALOG_COMPILER_APPICON_NAME = AppIcon;
				INFOPLIST_FILE = PickerView1/Info.plist;
				LD_RUNPATH_SEARCH_PATHS = "$(inherited) @executable_path/Frameworks";
				PRODUCT_BUNDLE_IDENTIFIER = era.com.bd.PickerView1;
				PRODUCT_NAME = "$(TARGET_NAME)";
				SWIFT_VERSION = 3.0;
			};
			name = Release;
		};
		F4BA39531F0A1DCA00018DFC /* Debug */ = {
			isa = XCBuildConfiguration;
			buildSettings = {
				ALWAYS_EMBED_SWIFT_STANDARD_LIBRARIES = YES;
				BUNDLE_LOADER = "$(TEST_HOST)";
				INFOPLIST_FILE = PickerView1Tests/Info.plist;
				LD_RUNPATH_SEARCH_PATHS = "$(inherited) @executable_path/Frameworks @loader_path/Frameworks";
				PRODUCT_BUNDLE_IDENTIFIER = era.com.bd.PickerView1Tests;
				PRODUCT_NAME = "$(TARGET_NAME)";
				SWIFT_VERSION = 3.0;
				TEST_HOST = "$(BUILT_PRODUCTS_DIR)/PickerView1.app/PickerView1";
			};
			name = Debug;
		};
		F4BA39541F0A1DCA00018DFC /* Release */ = {
			isa = XCBuildConfiguration;
			buildSettings = {
				ALWAYS_EMBED_SWIFT_STANDARD_LIBRARIES = YES;
				BUNDLE_LOADER = "$(TEST_HOST)";
				INFOPLIST_FILE = PickerView1Tests/Info.plist;
				LD_RUNPATH_SEARCH_PATHS = "$(inherited) @executable_path/Frameworks @loader_path/Frameworks";
				PRODUCT_BUNDLE_IDENTIFIER = era.com.bd.PickerView1Tests;
				PRODUCT_NAME = "$(TARGET_NAME)";
				SWIFT_VERSION = 3.0;
				TEST_HOST = "$(BUILT_PRODUCTS_DIR)/PickerView1.app/PickerView1";
			};
			name = Release;
		};
		F4BA39561F0A1DCA00018DFC /* Debug */ = {
			isa = XCBuildConfiguration;
			buildSettings = {
				ALWAYS_EMBED_SWIFT_STANDARD_LIBRARIES = YES;
				INFOPLIST_FILE = PickerView1UITests/Info.plist;
				LD_RUNPATH_SEARCH_PATHS = "$(inherited) @executable_path/Frameworks @loader_path/Frameworks";
				PRODUCT_BUNDLE_IDENTIFIER = era.com.bd.PickerView1UITests;
				PRODUCT_NAME = "$(TARGET_NAME)";
				SWIFT_VERSION = 3.0;
				TEST_TARGET_NAME = PickerView1;
			};
			name = Debug;
		};
		F4BA39571F0A1DCA00018DFC /* Release */ = {
			isa = XCBuildConfiguration;
			buildSettings = {
				ALWAYS_EMBED_SWIFT_STANDARD_LIBRARIES = YES;
				INFOPLIST_FILE = PickerView1UITests/Info.plist;
				LD_RUNPATH_SEARCH_PATHS = "$(inherited) @executable_path/Frameworks @loader_path/Frameworks";
				PRODUCT_BUNDLE_IDENTIFIER = era.com.bd.PickerView1UITests;
				PRODUCT_NAME = "$(TARGET_NAME)";
				SWIFT_VERSION = 3.0;
				TEST_TARGET_NAME = PickerView1;
			};
			name = Release;
		};
/* End XCBuildConfiguration section */

/* Begin XCConfigurationList section */
		F4BA391F1F0A1DC900018DFC /* Build configuration list for PBXProject "PickerView1" */ = {
			isa = XCConfigurationList;
			buildConfigurations = (
				F4BA394D1F0A1DCA00018DFC /* Debug */,
				F4BA394E1F0A1DCA00018DFC /* Release */,
			);
			defaultConfigurationIsVisible = 0;
			defaultConfigurationName = Release;
		};
		F4BA394F1F0A1DCA00018DFC /* Build configuration list for PBXNativeTarget "PickerView1" */ = {
			isa = XCConfigurationList;
			buildConfigurations = (
				F4BA39501F0A1DCA00018DFC /* Debug */,
				F4BA39511F0A1DCA00018DFC /* Release */,
			);
			defaultConfigurationIsVisible = 0;
		};
		F4BA39521F0A1DCA00018DFC /* Build configuration list for PBXNativeTarget "PickerView1Tests" */ = {
			isa = XCConfigurationList;
			buildConfigurations = (
				F4BA39531F0A1DCA00018DFC /* Debug */,
				F4BA39541F0A1DCA00018DFC /* Release */,
			);
			defaultConfigurationIsVisible = 0;
		};
		F4BA39551F0A1DCA00018DFC /* Build configuration list for PBXNativeTarget "PickerView1UITests" */ = {
			isa = XCConfigurationList;
			buildConfigurations = (
				F4BA39561F0A1DCA00018DFC /* Debug */,
				F4BA39571F0A1DCA00018DFC /* Release */,
			);
			defaultConfigurationIsVisible = 0;
		};
/* End XCConfigurationList section */

/* Begin XCVersionGroup section */
		F4BA392E1F0A1DC900018DFC /* PickerView1.xcdatamodeld */ = {
			isa = XCVersionGroup;
			children = (
				F4BA392F1F0A1DC900018DFC /* PickerView1.xcdatamodel */,
			);
			currentVersion = F4BA392F1F0A1DC900018DFC /* PickerView1.xcdatamodel */;
			path = PickerView1.xcdatamodeld;
			sourceTree = "<group>";
			versionGroupType = wrapper.xcdatamodel;
		};
/* End XCVersionGroup section */
	};
	rootObject = F4BA391C1F0A1DC900018DFC /* Project object */;
}
